
Microsoft Visual Studio Solution File, Format Version 12.00
# Visual Studio 15
VisualStudioVersion = 15.0.26730.16
MinimumVisualStudioVersion = 10.0.40219.1
Project("{FAE04EC0-301F-11D3-BF4B-00C04F79EFBC}") = "XamUNotif.Android", "XamUNotif\XamUNotif.Android\XamUNotif.Android.csproj", "{135525E8-BA1D-418A-9DAA-57FB7F537F3D}"
EndProject
Project("{FAE04EC0-301F-11D3-BF4B-00C04F79EFBC}") = "XamUNotif", "XamUNotif\XamUNotif\XamUNotif.csproj", "{D16D1FED-3834-4765-B291-9792D7FA46BB}"
EndProject
Project("{FAE04EC0-301F-11D3-BF4B-00C04F79EFBC}") = "XamUNotif.UWP", "XamUNotif\XamUNotif.UWP\XamUNotif.UWP.csproj", "{AEAC5A5C-3819-41E4-A01D-8C9B53C12A5F}"
EndProject
Project("{FAE04EC0-301F-11D3-BF4B-00C04F79EFBC}") = "XamUNotif.iOS", "XamUNotif\XamUNotif.iOS\XamUNotif.iOS.csproj", "{E1B305F9-637A-40EF-885E-F59A0561A5F8}"
EndProject
Project("{FAE04EC0-301F-11D3-BF4B-00C04F79EFBC}") = "XamUNotif.Backend", "XamUNotif.Backend\XamUNotif.Backend.csproj", "{F4A2AFA8-B1B6-42DE-AD1C-C051F0CD96E2}"
EndProject
Global
	GlobalSection(SolutionConfigurationPlatforms) = preSolution
		Ad-Hoc|Any CPU = Ad-Hoc|Any CPU
		Ad-Hoc|ARM = Ad-Hoc|ARM
		Ad-Hoc|iPhone = Ad-Hoc|iPhone
		Ad-Hoc|iPhoneSimulator = Ad-Hoc|iPhoneSimulator
		Ad-Hoc|x64 = Ad-Hoc|x64
		Ad-Hoc|x86 = Ad-Hoc|x86
		AppStore|Any CPU = AppStore|Any CPU
		AppStore|ARM = AppStore|ARM
		AppStore|iPhone = AppStore|iPhone
		AppStore|iPhoneSimulator = AppStore|iPhoneSimulator
		AppStore|x64 = AppStore|x64
		AppStore|x86 = AppStore|x86
		Debug|Any CPU = Debug|Any CPU
		Debug|ARM = Debug|ARM
		Debug|iPhone = Debug|iPhone
		Debug|iPhoneSimulator = Debug|iPhoneSimulator
		Debug|x64 = Debug|x64
		Debug|x86 = Debug|x86
		Release|Any CPU = Release|Any CPU
		Release|ARM = Release|ARM
		Release|iPhone = Release|iPhone
		Release|iPhoneSimulator = Release|iPhoneSimulator
		Release|x64 = Release|x64
		Release|x86 = Release|x86
	EndGlobalSection
	GlobalSection(ProjectConfigurationPlatforms) = postSolution
		{135525E8-BA1D-418A-9DAA-57FB7F537F3D}.Ad-Hoc|Any CPU.ActiveCfg = Release|Any CPU
		{135525E8-BA1D-418A-9DAA-57FB7F537F3D}.Ad-Hoc|Any CPU.Build.0 = Release|Any CPU
		{135525E8-BA1D-418A-9DAA-57FB7F537F3D}.Ad-Hoc|Any CPU.Deploy.0 = Release|Any CPU
		{135525E8-BA1D-418A-9DAA-57FB7F537F3D}.Ad-Hoc|ARM.ActiveCfg = Release|Any CPU
		{135525E8-BA1D-418A-9DAA-57FB7F537F3D}.Ad-Hoc|ARM.Build.0 = Release|Any CPU
		{135525E8-BA1D-418A-9DAA-57FB7F537F3D}.Ad-Hoc|ARM.Deploy.0 = Release|Any CPU
		{135525E8-BA1D-418A-9DAA-57FB7F537F3D}.Ad-Hoc|iPhone.ActiveCfg = Release|Any CPU
		{135525E8-BA1D-418A-9DAA-57FB7F537F3D}.Ad-Hoc|iPhone.Build.0 = Release|Any CPU
		{135525E8-BA1D-418A-9DAA-57FB7F537F3D}.Ad-Hoc|iPhone.Deploy.0 = Release|Any CPU
		{135525E8-BA1D-418A-9DAA-57FB7F537F3D}.Ad-Hoc|iPhoneSimulator.ActiveCfg = Release|Any CPU
		{135525E8-BA1D-418A-9DAA-57FB7F537F3D}.Ad-Hoc|iPhoneSimulator.Build.0 = Release|Any CPU
		{135525E8-BA1D-418A-9DAA-57FB7F537F3D}.Ad-Hoc|iPhoneSimulator.Deploy.0 = Release|Any CPU
		{135525E8-BA1D-418A-9DAA-57FB7F537F3D}.Ad-Hoc|x64.ActiveCfg = Release|Any CPU
		{135525E8-BA1D-418A-9DAA-57FB7F537F3D}.Ad-Hoc|x64.Build.0 = Release|Any CPU
		{135525E8-BA1D-418A-9DAA-57FB7F537F3D}.Ad-Hoc|x64.Deploy.0 = Release|Any CPU
		{135525E8-BA1D-418A-9DAA-57FB7F537F3D}.Ad-Hoc|x86.ActiveCfg = Release|Any CPU
		{135525E8-BA1D-418A-9DAA-57FB7F537F3D}.Ad-Hoc|x86.Build.0 = Release|Any CPU
		{135525E8-BA1D-418A-9DAA-57FB7F537F3D}.Ad-Hoc|x86.Deploy.0 = Release|Any CPU
		{135525E8-BA1D-418A-9DAA-57FB7F537F3D}.AppStore|Any CPU.ActiveCfg = Release|Any CPU
		{135525E8-BA1D-418A-9DAA-57FB7F537F3D}.AppStore|Any CPU.Build.0 = Release|Any CPU
		{135525E8-BA1D-418A-9DAA-57FB7F537F3D}.AppStore|Any CPU.Deploy.0 = Release|Any CPU
		{135525E8-BA1D-418A-9DAA-57FB7F537F3D}.AppStore|ARM.ActiveCfg = Release|Any CPU
		{135525E8-BA1D-418A-9DAA-57FB7F537F3D}.AppStore|ARM.Build.0 = Release|Any CPU
		{135525E8-BA1D-418A-9DAA-57FB7F537F3D}.AppStore|ARM.Deploy.0 = Release|Any CPU
		{135525E8-BA1D-418A-9DAA-57FB7F537F3D}.AppStore|iPhone.ActiveCfg = Release|Any CPU
		{135525E8-BA1D-418A-9DAA-57FB7F537F3D}.AppStore|iPhone.Build.0 = Release|Any CPU
		{135525E8-BA1D-418A-9DAA-57FB7F537F3D}.AppStore|iPhone.Deploy.0 = Release|Any CPU
		{135525E8-BA1D-418A-9DAA-57FB7F537F3D}.AppStore|iPhoneSimulator.ActiveCfg = Release|Any CPU
		{135525E8-BA1D-418A-9DAA-57FB7F537F3D}.AppStore|iPhoneSimulator.Build.0 = Release|Any CPU
		{135525E8-BA1D-418A-9DAA-57FB7F537F3D}.AppStore|iPhoneSimulator.Deploy.0 = Release|Any CPU
		{135525E8-BA1D-418A-9DAA-57FB7F537F3D}.AppStore|x64.ActiveCfg = Release|Any CPU
		{135525E8-BA1D-418A-9DAA-57FB7F537F3D}.AppStore|x64.Build.0 = Release|Any CPU
		{135525E8-BA1D-418A-9DAA-57FB7F537F3D}.AppStore|x64.Deploy.0 = Release|Any CPU
		{135525E8-BA1D-418A-9DAA-57FB7F537F3D}.AppStore|x86.ActiveCfg = Release|Any CPU
		{135525E8-BA1D-418A-9DAA-57FB7F537F3D}.AppStore|x86.Build.0 = Release|Any CPU
		{135525E8-BA1D-418A-9DAA-57FB7F537F3D}.AppStore|x86.Deploy.0 = Release|Any CPU
		{135525E8-BA1D-418A-9DAA-57FB7F537F3D}.Debug|Any CPU.ActiveCfg = Debug|Any CPU
		{135525E8-BA1D-418A-9DAA-57FB7F537F3D}.Debug|Any CPU.Build.0 = Debug|Any CPU
		{135525E8-BA1D-418A-9DAA-57FB7F537F3D}.Debug|Any CPU.Deploy.0 = Debug|Any CPU
		{135525E8-BA1D-418A-9DAA-57FB7F537F3D}.Debug|ARM.ActiveCfg = Debug|Any CPU
		{135525E8-BA1D-418A-9DAA-57FB7F537F3D}.Debug|ARM.Build.0 = Debug|Any CPU
		{135525E8-BA1D-418A-9DAA-57FB7F537F3D}.Debug|ARM.Deploy.0 = Debug|Any CPU
		{135525E8-BA1D-418A-9DAA-57FB7F537F3D}.Debug|iPhone.ActiveCfg = Debug|Any CPU
		{135525E8-BA1D-418A-9DAA-57FB7F537F3D}.Debug|iPhone.Build.0 = Debug|Any CPU
		{135525E8-BA1D-418A-9DAA-57FB7F537F3D}.Debug|iPhone.Deploy.0 = Debug|Any CPU
		{135525E8-BA1D-418A-9DAA-57FB7F537F3D}.Debug|iPhoneSimulator.ActiveCfg = Debug|Any CPU
		{135525E8-BA1D-418A-9DAA-57FB7F537F3D}.Debug|iPhoneSimulator.Build.0 = Debug|Any CPU
		{135525E8-BA1D-418A-9DAA-57FB7F537F3D}.Debug|iPhoneSimulator.Deploy.0 = Debug|Any CPU
		{135525E8-BA1D-418A-9DAA-57FB7F537F3D}.Debug|x64.ActiveCfg = Debug|Any CPU
		{135525E8-BA1D-418A-9DAA-57FB7F537F3D}.Debug|x64.Build.0 = Debug|Any CPU
		{135525E8-BA1D-418A-9DAA-57FB7F537F3D}.Debug|x64.Deploy.0 = Debug|Any CPU
		{135525E8-BA1D-418A-9DAA-57FB7F537F3D}.Debug|x86.ActiveCfg = Debug|Any CPU
		{135525E8-BA1D-418A-9DAA-57FB7F537F3D}.Debug|x86.Build.0 = Debug|Any CPU
		{135525E8-BA1D-418A-9DAA-57FB7F537F3D}.Debug|x86.Deploy.0 = Debug|Any CPU
		{135525E8-BA1D-418A-9DAA-57FB7F537F3D}.Release|Any CPU.ActiveCfg = Release|Any CPU
		{135525E8-BA1D-418A-9DAA-57FB7F537F3D}.Release|Any CPU.Build.0 = Release|Any CPU
		{135525E8-BA1D-418A-9DAA-57FB7F537F3D}.Release|Any CPU.Deploy.0 = Release|Any CPU
		{135525E8-BA1D-418A-9DAA-57FB7F537F3D}.Release|ARM.ActiveCfg = Release|Any CPU
		{135525E8-BA1D-418A-9DAA-57FB7F537F3D}.Release|ARM.Build.0 = Release|Any CPU
		{135525E8-BA1D-418A-9DAA-57FB7F537F3D}.Release|ARM.Deploy.0 = Release|Any CPU
		{135525E8-BA1D-418A-9DAA-57FB7F537F3D}.Release|iPhone.ActiveCfg = Release|Any CPU
		{135525E8-BA1D-418A-9DAA-57FB7F537F3D}.Release|iPhone.Build.0 = Release|Any CPU
		{135525E8-BA1D-418A-9DAA-57FB7F537F3D}.Release|iPhone.Deploy.0 = Release|Any CPU
		{135525E8-BA1D-418A-9DAA-57FB7F537F3D}.Release|iPhoneSimulator.ActiveCfg = Release|Any CPU
		{135525E8-BA1D-418A-9DAA-57FB7F537F3D}.Release|iPhoneSimulator.Build.0 = Release|Any CPU
		{135525E8-BA1D-418A-9DAA-57FB7F537F3D}.Release|iPhoneSimulator.Deploy.0 = Release|Any CPU
		{135525E8-BA1D-418A-9DAA-57FB7F537F3D}.Release|x64.ActiveCfg = Release|Any CPU
		{135525E8-BA1D-418A-9DAA-57FB7F537F3D}.Release|x64.Build.0 = Release|Any CPU
		{135525E8-BA1D-418A-9DAA-57FB7F537F3D}.Release|x64.Deploy.0 = Release|Any CPU
		{135525E8-BA1D-418A-9DAA-57FB7F537F3D}.Release|x86.ActiveCfg = Release|Any CPU
		{135525E8-BA1D-418A-9DAA-57FB7F537F3D}.Release|x86.Build.0 = Release|Any CPU
		{135525E8-BA1D-418A-9DAA-57FB7F537F3D}.Release|x86.Deploy.0 = Release|Any CPU
		{D16D1FED-3834-4765-B291-9792D7FA46BB}.Ad-Hoc|Any CPU.ActiveCfg = Release|Any CPU
		{D16D1FED-3834-4765-B291-9792D7FA46BB}.Ad-Hoc|Any CPU.Build.0 = Release|Any CPU
		{D16D1FED-3834-4765-B291-9792D7FA46BB}.Ad-Hoc|ARM.ActiveCfg = Release|Any CPU
		{D16D1FED-3834-4765-B291-9792D7FA46BB}.Ad-Hoc|ARM.Build.0 = Release|Any CPU
		{D16D1FED-3834-4765-B291-9792D7FA46BB}.Ad-Hoc|iPhone.ActiveCfg = Release|Any CPU
		{D16D1FED-3834-4765-B291-9792D7FA46BB}.Ad-Hoc|iPhone.Build.0 = Release|Any CPU
		{D16D1FED-3834-4765-B291-9792D7FA46BB}.Ad-Hoc|iPhoneSimulator.ActiveCfg = Release|Any CPU
		{D16D1FED-3834-4765-B291-9792D7FA46BB}.Ad-Hoc|iPhoneSimulator.Build.0 = Release|Any CPU
		{D16D1FED-3834-4765-B291-9792D7FA46BB}.Ad-Hoc|x64.ActiveCfg = Release|Any CPU
		{D16D1FED-3834-4765-B291-9792D7FA46BB}.Ad-Hoc|x64.Build.0 = Release|Any CPU
		{D16D1FED-3834-4765-B291-9792D7FA46BB}.Ad-Hoc|x86.ActiveCfg = Release|Any CPU
		{D16D1FED-3834-4765-B291-9792D7FA46BB}.Ad-Hoc|x86.Build.0 = Release|Any CPU
		{D16D1FED-3834-4765-B291-9792D7FA46BB}.AppStore|Any CPU.ActiveCfg = Release|Any CPU
		{D16D1FED-3834-4765-B291-9792D7FA46BB}.AppStore|Any CPU.Build.0 = Release|Any CPU
		{D16D1FED-3834-4765-B291-9792D7FA46BB}.AppStore|ARM.ActiveCfg = Release|Any CPU
		{D16D1FED-3834-4765-B291-9792D7FA46BB}.AppStore|ARM.Build.0 = Release|Any CPU
		{D16D1FED-3834-4765-B291-9792D7FA46BB}.AppStore|iPhone.ActiveCfg = Release|Any CPU
		{D16D1FED-3834-4765-B291-9792D7FA46BB}.AppStore|iPhone.Build.0 = Release|Any CPU
		{D16D1FED-3834-4765-B291-9792D7FA46BB}.AppStore|iPhoneSimulator.ActiveCfg = Release|Any CPU
		{D16D1FED-3834-4765-B291-9792D7FA46BB}.AppStore|iPhoneSimulator.Build.0 = Release|Any CPU
		{D16D1FED-3834-4765-B291-9792D7FA46BB}.AppStore|x64.ActiveCfg = Release|Any CPU
		{D16D1FED-3834-4765-B291-9792D7FA46BB}.AppStore|x64.Build.0 = Release|Any CPU
		{D16D1FED-3834-4765-B291-9792D7FA46BB}.AppStore|x86.ActiveCfg = Release|Any CPU
		{D16D1FED-3834-4765-B291-9792D7FA46BB}.AppStore|x86.Build.0 = Release|Any CPU
		{D16D1FED-3834-4765-B291-9792D7FA46BB}.Debug|Any CPU.ActiveCfg = Debug|Any CPU
		{D16D1FED-3834-4765-B291-9792D7FA46BB}.Debug|Any CPU.Build.0 = Debug|Any CPU
		{D16D1FED-3834-4765-B291-9792D7FA46BB}.Debug|ARM.ActiveCfg = Debug|Any CPU
		{D16D1FED-3834-4765-B291-9792D7FA46BB}.Debug|ARM.Build.0 = Debug|Any CPU
		{D16D1FED-3834-4765-B291-9792D7FA46BB}.Debug|iPhone.ActiveCfg = Debug|Any CPU
		{D16D1FED-3834-4765-B291-9792D7FA46BB}.Debug|iPhone.Build.0 = Debug|Any CPU
		{D16D1FED-3834-4765-B291-9792D7FA46BB}.Debug|iPhoneSimulator.ActiveCfg = Debug|Any CPU
		{D16D1FED-3834-4765-B291-9792D7FA46BB}.Debug|iPhoneSimulator.Build.0 = Debug|Any CPU
		{D16D1FED-3834-4765-B291-9792D7FA46BB}.Debug|x64.ActiveCfg = Debug|Any CPU
		{D16D1FED-3834-4765-B291-9792D7FA46BB}.Debug|x64.Build.0 = Debug|Any CPU
		{D16D1FED-3834-4765-B291-9792D7FA46BB}.Debug|x86.ActiveCfg = Debug|Any CPU
		{D16D1FED-3834-4765-B291-9792D7FA46BB}.Debug|x86.Build.0 = Debug|Any CPU
		{D16D1FED-3834-4765-B291-9792D7FA46BB}.Release|Any CPU.ActiveCfg = Release|Any CPU
		{D16D1FED-3834-4765-B291-9792D7FA46BB}.Release|Any CPU.Build.0 = Release|Any CPU
		{D16D1FED-3834-4765-B291-9792D7FA46BB}.Release|ARM.ActiveCfg = Release|Any CPU
		{D16D1FED-3834-4765-B291-9792D7FA46BB}.Release|ARM.Build.0 = Release|Any CPU
		{D16D1FED-3834-4765-B291-9792D7FA46BB}.Release|iPhone.ActiveCfg = Release|Any CPU
		{D16D1FED-3834-4765-B291-9792D7FA46BB}.Release|iPhone.Build.0 = Release|Any CPU
		{D16D1FED-3834-4765-B291-9792D7FA46BB}.Release|iPhoneSimulator.ActiveCfg = Release|Any CPU
		{D16D1FED-3834-4765-B291-9792D7FA46BB}.Release|iPhoneSimulator.Build.0 = Release|Any CPU
		{D16D1FED-3834-4765-B291-9792D7FA46BB}.Release|x64.ActiveCfg = Release|Any CPU
		{D16D1FED-3834-4765-B291-9792D7FA46BB}.Release|x64.Build.0 = Release|Any CPU
		{D16D1FED-3834-4765-B291-9792D7FA46BB}.Release|x86.ActiveCfg = Release|Any CPU
		{D16D1FED-3834-4765-B291-9792D7FA46BB}.Release|x86.Build.0 = Release|Any CPU
		{AEAC5A5C-3819-41E4-A01D-8C9B53C12A5F}.Ad-Hoc|Any CPU.ActiveCfg = Release|x86
		{AEAC5A5C-3819-41E4-A01D-8C9B53C12A5F}.Ad-Hoc|Any CPU.Build.0 = Release|x86
		{AEAC5A5C-3819-41E4-A01D-8C9B53C12A5F}.Ad-Hoc|Any CPU.Deploy.0 = Release|x86
		{AEAC5A5C-3819-41E4-A01D-8C9B53C12A5F}.Ad-Hoc|ARM.ActiveCfg = Release|ARM
		{AEAC5A5C-3819-41E4-A01D-8C9B53C12A5F}.Ad-Hoc|ARM.Build.0 = Release|ARM
		{AEAC5A5C-3819-41E4-A01D-8C9B53C12A5F}.Ad-Hoc|ARM.Deploy.0 = Release|ARM
		{AEAC5A5C-3819-41E4-A01D-8C9B53C12A5F}.Ad-Hoc|iPhone.ActiveCfg = Release|x86
		{AEAC5A5C-3819-41E4-A01D-8C9B53C12A5F}.Ad-Hoc|iPhone.Build.0 = Release|x86
		{AEAC5A5C-3819-41E4-A01D-8C9B53C12A5F}.Ad-Hoc|iPhone.Deploy.0 = Release|x86
		{AEAC5A5C-3819-41E4-A01D-8C9B53C12A5F}.Ad-Hoc|iPhoneSimulator.ActiveCfg = Release|x86
		{AEAC5A5C-3819-41E4-A01D-8C9B53C12A5F}.Ad-Hoc|iPhoneSimulator.Build.0 = Release|x86
		{AEAC5A5C-3819-41E4-A01D-8C9B53C12A5F}.Ad-Hoc|iPhoneSimulator.Deploy.0 = Release|x86
		{AEAC5A5C-3819-41E4-A01D-8C9B53C12A5F}.Ad-Hoc|x64.ActiveCfg = Release|x64
		{AEAC5A5C-3819-41E4-A01D-8C9B53C12A5F}.Ad-Hoc|x64.Build.0 = Release|x64
		{AEAC5A5C-3819-41E4-A01D-8C9B53C12A5F}.Ad-Hoc|x64.Deploy.0 = Release|x64
		{AEAC5A5C-3819-41E4-A01D-8C9B53C12A5F}.Ad-Hoc|x86.ActiveCfg = Release|x86
		{AEAC5A5C-3819-41E4-A01D-8C9B53C12A5F}.Ad-Hoc|x86.Build.0 = Release|x86
		{AEAC5A5C-3819-41E4-A01D-8C9B53C12A5F}.Ad-Hoc|x86.Deploy.0 = Release|x86
		{AEAC5A5C-3819-41E4-A01D-8C9B53C12A5F}.AppStore|Any CPU.ActiveCfg = Release|x86
		{AEAC5A5C-3819-41E4-A01D-8C9B53C12A5F}.AppStore|Any CPU.Build.0 = Release|x86
		{AEAC5A5C-3819-41E4-A01D-8C9B53C12A5F}.AppStore|Any CPU.Deploy.0 = Release|x86
		{AEAC5A5C-3819-41E4-A01D-8C9B53C12A5F}.AppStore|ARM.ActiveCfg = Release|ARM
		{AEAC5A5C-3819-41E4-A01D-8C9B53C12A5F}.AppStore|ARM.Build.0 = Release|ARM
		{AEAC5A5C-3819-41E4-A01D-8C9B53C12A5F}.AppStore|ARM.Deploy.0 = Release|ARM
		{AEAC5A5C-3819-41E4-A01D-8C9B53C12A5F}.AppStore|iPhone.ActiveCfg = Release|x86
		{AEAC5A5C-3819-41E4-A01D-8C9B53C12A5F}.AppStore|iPhone.Build.0 = Release|x86
		{AEAC5A5C-3819-41E4-A01D-8C9B53C12A5F}.AppStore|iPhone.Deploy.0 = Release|x86
		{AEAC5A5C-3819-41E4-A01D-8C9B53C12A5F}.AppStore|iPhoneSimulator.ActiveCfg = Release|x86
		{AEAC5A5C-3819-41E4-A01D-8C9B53C12A5F}.AppStore|iPhoneSimulator.Build.0 = Release|x86
		{AEAC5A5C-3819-41E4-A01D-8C9B53C12A5F}.AppStore|iPhoneSimulator.Deploy.0 = Release|x86
		{AEAC5A5C-3819-41E4-A01D-8C9B53C12A5F}.AppStore|x64.ActiveCfg = Release|x64
		{AEAC5A5C-3819-41E4-A01D-8C9B53C12A5F}.AppStore|x64.Build.0 = Release|x64
		{AEAC5A5C-3819-41E4-A01D-8C9B53C12A5F}.AppStore|x64.Deploy.0 = Release|x64
		{AEAC5A5C-3819-41E4-A01D-8C9B53C12A5F}.AppStore|x86.ActiveCfg = Release|x86
		{AEAC5A5C-3819-41E4-A01D-8C9B53C12A5F}.AppStore|x86.Build.0 = Release|x86
		{AEAC5A5C-3819-41E4-A01D-8C9B53C12A5F}.AppStore|x86.Deploy.0 = Release|x86
		{AEAC5A5C-3819-41E4-A01D-8C9B53C12A5F}.Debug|Any CPU.ActiveCfg = Debug|x86
		{AEAC5A5C-3819-41E4-A01D-8C9B53C12A5F}.Debug|ARM.ActiveCfg = Debug|ARM
		{AEAC5A5C-3819-41E4-A01D-8C9B53C12A5F}.Debug|iPhone.ActiveCfg = Debug|x86
		{AEAC5A5C-3819-41E4-A01D-8C9B53C12A5F}.Debug|iPhoneSimulator.ActiveCfg = Debug|x86
		{AEAC5A5C-3819-41E4-A01D-8C9B53C12A5F}.Debug|x64.ActiveCfg = Debug|x64
		{AEAC5A5C-3819-41E4-A01D-8C9B53C12A5F}.Debug|x64.Build.0 = Debug|x64
		{AEAC5A5C-3819-41E4-A01D-8C9B53C12A5F}.Debug|x64.Deploy.0 = Debug|x64
		{AEAC5A5C-3819-41E4-A01D-8C9B53C12A5F}.Debug|x86.ActiveCfg = Debug|x86
		{AEAC5A5C-3819-41E4-A01D-8C9B53C12A5F}.Debug|x86.Build.0 = Debug|x86
		{AEAC5A5C-3819-41E4-A01D-8C9B53C12A5F}.Debug|x86.Deploy.0 = Debug|x86
		{AEAC5A5C-3819-41E4-A01D-8C9B53C12A5F}.Release|Any CPU.ActiveCfg = Release|x86
		{AEAC5A5C-3819-41E4-A01D-8C9B53C12A5F}.Release|ARM.ActiveCfg = Release|ARM
		{AEAC5A5C-3819-41E4-A01D-8C9B53C12A5F}.Release|ARM.Build.0 = Release|ARM
		{AEAC5A5C-3819-41E4-A01D-8C9B53C12A5F}.Release|ARM.Deploy.0 = Release|ARM
		{AEAC5A5C-3819-41E4-A01D-8C9B53C12A5F}.Release|iPhone.ActiveCfg = Release|x86
		{AEAC5A5C-3819-41E4-A01D-8C9B53C12A5F}.Release|iPhoneSimulator.ActiveCfg = Release|x86
		{AEAC5A5C-3819-41E4-A01D-8C9B53C12A5F}.Release|x64.ActiveCfg = Release|x64
		{AEAC5A5C-3819-41E4-A01D-8C9B53C12A5F}.Release|x64.Build.0 = Release|x64
		{AEAC5A5C-3819-41E4-A01D-8C9B53C12A5F}.Release|x64.Deploy.0 = Release|x64
		{AEAC5A5C-3819-41E4-A01D-8C9B53C12A5F}.Release|x86.ActiveCfg = Release|x86
		{AEAC5A5C-3819-41E4-A01D-8C9B53C12A5F}.Release|x86.Build.0 = Release|x86
		{AEAC5A5C-3819-41E4-A01D-8C9B53C12A5F}.Release|x86.Deploy.0 = Release|x86
		{E1B305F9-637A-40EF-885E-F59A0561A5F8}.Ad-Hoc|Any CPU.ActiveCfg = Ad-Hoc|iPhone
		{E1B305F9-637A-40EF-885E-F59A0561A5F8}.Ad-Hoc|ARM.ActiveCfg = Ad-Hoc|iPhone
		{E1B305F9-637A-40EF-885E-F59A0561A5F8}.Ad-Hoc|iPhone.ActiveCfg = Ad-Hoc|iPhone
		{E1B305F9-637A-40EF-885E-F59A0561A5F8}.Ad-Hoc|iPhone.Build.0 = Ad-Hoc|iPhone
		{E1B305F9-637A-40EF-885E-F59A0561A5F8}.Ad-Hoc|iPhoneSimulator.ActiveCfg = Ad-Hoc|iPhoneSimulator
		{E1B305F9-637A-40EF-885E-F59A0561A5F8}.Ad-Hoc|iPhoneSimulator.Build.0 = Ad-Hoc|iPhoneSimulator
		{E1B305F9-637A-40EF-885E-F59A0561A5F8}.Ad-Hoc|x64.ActiveCfg = Ad-Hoc|iPhone
		{E1B305F9-637A-40EF-885E-F59A0561A5F8}.Ad-Hoc|x86.ActiveCfg = Ad-Hoc|iPhone
		{E1B305F9-637A-40EF-885E-F59A0561A5F8}.AppStore|Any CPU.ActiveCfg = AppStore|iPhone
		{E1B305F9-637A-40EF-885E-F59A0561A5F8}.AppStore|ARM.ActiveCfg = AppStore|iPhone
		{E1B305F9-637A-40EF-885E-F59A0561A5F8}.AppStore|iPhone.ActiveCfg = AppStore|iPhone
		{E1B305F9-637A-40EF-885E-F59A0561A5F8}.AppStore|iPhone.Build.0 = AppStore|iPhone
		{E1B305F9-637A-40EF-885E-F59A0561A5F8}.AppStore|iPhoneSimulator.ActiveCfg = AppStore|iPhoneSimulator
		{E1B305F9-637A-40EF-885E-F59A0561A5F8}.AppStore|iPhoneSimulator.Build.0 = AppStore|iPhoneSimulator
		{E1B305F9-637A-40EF-885E-F59A0561A5F8}.AppStore|x64.ActiveCfg = AppStore|iPhone
		{E1B305F9-637A-40EF-885E-F59A0561A5F8}.AppStore|x86.ActiveCfg = AppStore|iPhone
		{E1B305F9-637A-40EF-885E-F59A0561A5F8}.Debug|Any CPU.ActiveCfg = Debug|iPhone
		{E1B305F9-637A-40EF-885E-F59A0561A5F8}.Debug|ARM.ActiveCfg = Debug|iPhone
		{E1B305F9-637A-40EF-885E-F59A0561A5F8}.Debug|iPhone.ActiveCfg = Debug|iPhone
		{E1B305F9-637A-40EF-885E-F59A0561A5F8}.Debug|iPhone.Build.0 = Debug|iPhone
		{E1B305F9-637A-40EF-885E-F59A0561A5F8}.Debug|iPhoneSimulator.ActiveCfg = Debug|iPhoneSimulator
		{E1B305F9-637A-40EF-885E-F59A0561A5F8}.Debug|iPhoneSimulator.Build.0 = Debug|iPhoneSimulator
		{E1B305F9-637A-40EF-885E-F59A0561A5F8}.Debug|x64.ActiveCfg = Debug|iPhone
		{E1B305F9-637A-40EF-885E-F59A0561A5F8}.Debug|x86.ActiveCfg = Debug|iPhone
		{E1B305F9-637A-40EF-885E-F59A0561A5F8}.Release|Any CPU.ActiveCfg = Release|iPhone
		{E1B305F9-637A-40EF-885E-F59A0561A5F8}.Release|ARM.ActiveCfg = Release|iPhone
		{E1B305F9-637A-40EF-885E-F59A0561A5F8}.Release|iPhone.ActiveCfg = Release|iPhone
		{E1B305F9-637A-40EF-885E-F59A0561A5F8}.Release|iPhone.Build.0 = Release|iPhone
		{E1B305F9-637A-40EF-885E-F59A0561A5F8}.Release|iPhoneSimulator.ActiveCfg = Release|iPhoneSimulator
		{E1B305F9-637A-40EF-885E-F59A0561A5F8}.Release|iPhoneSimulator.Build.0 = Release|iPhoneSimulator
		{E1B305F9-637A-40EF-885E-F59A0561A5F8}.Release|x64.ActiveCfg = Release|iPhone
		{E1B305F9-637A-40EF-885E-F59A0561A5F8}.Release|x86.ActiveCfg = Release|iPhone
		{F4A2AFA8-B1B6-42DE-AD1C-C051F0CD96E2}.Ad-Hoc|Any CPU.ActiveCfg = Release|Any CPU
		{F4A2AFA8-B1B6-42DE-AD1C-C051F0CD96E2}.Ad-Hoc|Any CPU.Build.0 = Release|Any CPU
		{F4A2AFA8-B1B6-42DE-AD1C-C051F0CD96E2}.Ad-Hoc|ARM.ActiveCfg = Release|Any CPU
		{F4A2AFA8-B1B6-42DE-AD1C-C051F0CD96E2}.Ad-Hoc|ARM.Build.0 = Release|Any CPU
		{F4A2AFA8-B1B6-42DE-AD1C-C051F0CD96E2}.Ad-Hoc|iPhone.ActiveCfg = Release|Any CPU
		{F4A2AFA8-B1B6-42DE-AD1C-C051F0CD96E2}.Ad-Hoc|iPhone.Build.0 = Release|Any CPU
		{F4A2AFA8-B1B6-42DE-AD1C-C051F0CD96E2}.Ad-Hoc|iPhoneSimulator.ActiveCfg = Release|Any CPU
		{F4A2AFA8-B1B6-42DE-AD1C-C051F0CD96E2}.Ad-Hoc|iPhoneSimulator.Build.0 = Release|Any CPU
		{F4A2AFA8-B1B6-42DE-AD1C-C051F0CD96E2}.Ad-Hoc|x64.ActiveCfg = Release|Any CPU
		{F4A2AFA8-B1B6-42DE-AD1C-C051F0CD96E2}.Ad-Hoc|x64.Build.0 = Release|Any CPU
		{F4A2AFA8-B1B6-42DE-AD1C-C051F0CD96E2}.Ad-Hoc|x86.ActiveCfg = Release|Any CPU
		{F4A2AFA8-B1B6-42DE-AD1C-C051F0CD96E2}.Ad-Hoc|x86.Build.0 = Release|Any CPU
		{F4A2AFA8-B1B6-42DE-AD1C-C051F0CD96E2}.AppStore|Any CPU.ActiveCfg = Release|Any CPU
		{F4A2AFA8-B1B6-42DE-AD1C-C051F0CD96E2}.AppStore|Any CPU.Build.0 = Release|Any CPU
		{F4A2AFA8-B1B6-42DE-AD1C-C051F0CD96E2}.AppStore|ARM.ActiveCfg = Release|Any CPU
		{F4A2AFA8-B1B6-42DE-AD1C-C051F0CD96E2}.AppStore|ARM.Build.0 = Release|Any CPU
		{F4A2AFA8-B1B6-42DE-AD1C-C051F0CD96E2}.AppStore|iPhone.ActiveCfg = Release|Any CPU
		{F4A2AFA8-B1B6-42DE-AD1C-C051F0CD96E2}.AppStore|iPhone.Build.0 = Release|Any CPU
		{F4A2AFA8-B1B6-42DE-AD1C-C051F0CD96E2}.AppStore|iPhoneSimulator.ActiveCfg = Release|Any CPU
		{F4A2AFA8-B1B6-42DE-AD1C-C051F0CD96E2}.AppStore|iPhoneSimulator.Build.0 = Release|Any CPU
		{F4A2AFA8-B1B6-42DE-AD1C-C051F0CD96E2}.AppStore|x64.ActiveCfg = Release|Any CPU
		{F4A2AFA8-B1B6-42DE-AD1C-C051F0CD96E2}.AppStore|x64.Build.0 = Release|Any CPU
		{F4A2AFA8-B1B6-42DE-AD1C-C051F0CD96E2}.AppStore|x86.ActiveCfg = Release|Any CPU
		{F4A2AFA8-B1B6-42DE-AD1C-C051F0CD96E2}.AppStore|x86.Build.0 = Release|Any CPU
		{F4A2AFA8-B1B6-42DE-AD1C-C051F0CD96E2}.Debug|Any CPU.ActiveCfg = Debug|Any CPU
		{F4A2AFA8-B1B6-42DE-AD1C-C051F0CD96E2}.Debug|Any CPU.Build.0 = Debug|Any CPU
		{F4A2AFA8-B1B6-42DE-AD1C-C051F0CD96E2}.Debug|ARM.ActiveCfg = Debug|Any CPU
		{F4A2AFA8-B1B6-42DE-AD1C-C051F0CD96E2}.Debug|ARM.Build.0 = Debug|Any CPU
		{F4A2AFA8-B1B6-42DE-AD1C-C051F0CD96E2}.Debug|iPhone.ActiveCfg = Debug|Any CPU
		{F4A2AFA8-B1B6-42DE-AD1C-C051F0CD96E2}.Debug|iPhone.Build.0 = Debug|Any CPU
		{F4A2AFA8-B1B6-42DE-AD1C-C051F0CD96E2}.Debug|iPhoneSimulator.ActiveCfg = Debug|Any CPU
		{F4A2AFA8-B1B6-42DE-AD1C-C051F0CD96E2}.Debug|iPhoneSimulator.Build.0 = Debug|Any CPU
		{F4A2AFA8-B1B6-42DE-AD1C-C051F0CD96E2}.Debug|x64.ActiveCfg = Debug|Any CPU
		{F4A2AFA8-B1B6-42DE-AD1C-C051F0CD96E2}.Debug|x64.Build.0 = Debug|Any CPU
		{F4A2AFA8-B1B6-42DE-AD1C-C051F0CD96E2}.Debug|x86.ActiveCfg = Debug|Any CPU
		{F4A2AFA8-B1B6-42DE-AD1C-C051F0CD96E2}.Debug|x86.Build.0 = Debug|Any CPU
		{F4A2AFA8-B1B6-42DE-AD1C-C051F0CD96E2}.Release|Any CPU.ActiveCfg = Release|Any CPU
		{F4A2AFA8-B1B6-42DE-AD1C-C051F0CD96E2}.Release|Any CPU.Build.0 = Release|Any CPU
		{F4A2AFA8-B1B6-42DE-AD1C-C051F0CD96E2}.Release|ARM.ActiveCfg = Release|Any CPU
		{F4A2AFA8-B1B6-42DE-AD1C-C051F0CD96E2}.Release|ARM.Build.0 = Release|Any CPU
		{F4A2AFA8-B1B6-42DE-AD1C-C051F0CD96E2}.Release|iPhone.ActiveCfg = Release|Any CPU
		{F4A2AFA8-B1B6-42DE-AD1C-C051F0CD96E2}.Release|iPhone.Build.0 = Release|Any CPU
		{F4A2AFA8-B1B6-42DE-AD1C-C051F0CD96E2}.Release|iPhoneSimulator.ActiveCfg = Release|Any CPU
		{F4A2AFA8-B1B6-42DE-AD1C-C051F0CD96E2}.Release|iPhoneSimulator.Build.0 = Release|Any CPU
		{F4A2AFA8-B1B6-42DE-AD1C-C051F0CD96E2}.Release|x64.ActiveCfg = Release|Any CPU
		{F4A2AFA8-B1B6-42DE-AD1C-C051F0CD96E2}.Release|x64.Build.0 = Release|Any CPU
		{F4A2AFA8-B1B6-42DE-AD1C-C051F0CD96E2}.Release|x86.ActiveCfg = Release|Any CPU
		{F4A2AFA8-B1B6-42DE-AD1C-C051F0CD96E2}.Release|x86.Build.0 = Release|Any CPU
	EndGlobalSection
	GlobalSection(SolutionProperties) = preSolution
		HideSolutionNode = FALSE
	EndGlobalSection
	GlobalSection(ExtensibilityGlobals) = postSolution
		SolutionGuid = {AD7178B5-8B9B-483D-ADB2-B70AC007C094}
	EndGlobalSection
EndGlobal
